
Microsoft Visual Studio Solution File, Format Version 12.00
# Visual Studio Version 17
VisualStudioVersion = 17.0.32002.185
MinimumVisualStudioVersion = 10.0.40219.1
Project("{FAE04EC0-301F-11D3-BF4B-00C04F79EFBC}") = "BankAppUI1", "BankAppUI1\BankAppUI1.csproj", "{6CD09B7F-AC9B-4B1C-AD81-676A86A56D0E}"
EndProject
Project("{FAE04EC0-301F-11D3-BF4B-00C04F79EFBC}") = "SeunBankAppCore", "SeunBankAppCore\SeunBankAppCore.csproj", "{DD57F95B-1517-4BCF-B3CF-CF69072E2279}"
EndProject
Global
	GlobalSection(SolutionConfigurationPlatforms) = preSolution
		Debug|Any CPU = Debug|Any CPU
		Release|Any CPU = Release|Any CPU
	EndGlobalSection
	GlobalSection(ProjectConfigurationPlatforms) = postSolution
		{6CD09B7F-AC9B-4B1C-AD81-676A86A56D0E}.Debug|Any CPU.ActiveCfg = Debug|Any CPU
		{6CD09B7F-AC9B-4B1C-AD81-676A86A56D0E}.Debug|Any CPU.Build.0 = Debug|Any CPU
		{6CD09B7F-AC9B-4B1C-AD81-676A86A56D0E}.Release|Any CPU.ActiveCfg = Release|Any CPU
		{6CD09B7F-AC9B-4B1C-AD81-676A86A56D0E}.Release|Any CPU.Build.0 = Release|Any CPU
		{DD57F95B-1517-4BCF-B3CF-CF69072E2279}.Debug|Any CPU.ActiveCfg = Debug|Any CPU
		{DD57F95B-1517-4BCF-B3CF-CF69072E2279}.Debug|Any CPU.Build.0 = Debug|Any CPU
		{DD57F95B-1517-4BCF-B3CF-CF69072E2279}.Release|Any CPU.ActiveCfg = Release|Any CPU
		{DD57F95B-1517-4BCF-B3CF-CF69072E2279}.Release|Any CPU.Build.0 = Release|Any CPU
	EndGlobalSection
	GlobalSection(SolutionProperties) = preSolution
		HideSolutionNode = FALSE
	EndGlobalSection
	GlobalSection(ExtensibilityGlobals) = postSolution
		SolutionGuid = {EDC3C0E8-004B-4C89-B410-92D1B2385254}
	EndGlobalSection
EndGlobal
